
Microsoft Visual Studio Solution File, Format Version 12.00
# Visual Studio Version 16
VisualStudioVersion = 16.0.30406.217
MinimumVisualStudioVersion = 10.0.40219.1
Project("{FAE04EC0-301F-11D3-BF4B-00C04F79EFBC}") = "20200825", "20200825\20200825.csproj", "{1297793A-5F56-4AE1-858C-F12B38E88CD9}"
EndProject
Project("{FAE04EC0-301F-11D3-BF4B-00C04F79EFBC}") = "Ejercicio20200825", "Ejercicio20200825\Ejercicio20200825.csproj", "{679FDACF-788A-4CB8-B477-C00E54604C7D}"
EndProject
Global
	GlobalSection(SolutionConfigurationPlatforms) = preSolution
		Debug|Any CPU = Debug|Any CPU
		Release|Any CPU = Release|Any CPU
	EndGlobalSection
	GlobalSection(ProjectConfigurationPlatforms) = postSolution
		{1297793A-5F56-4AE1-858C-F12B38E88CD9}.Debug|Any CPU.ActiveCfg = Debug|Any CPU
		{1297793A-5F56-4AE1-858C-F12B38E88CD9}.Debug|Any CPU.Build.0 = Debug|Any CPU
		{1297793A-5F56-4AE1-858C-F12B38E88CD9}.Release|Any CPU.ActiveCfg = Release|Any CPU
		{1297793A-5F56-4AE1-858C-F12B38E88CD9}.Release|Any CPU.Build.0 = Release|Any CPU
		{679FDACF-788A-4CB8-B477-C00E54604C7D}.Debug|Any CPU.ActiveCfg = Debug|Any CPU
		{679FDACF-788A-4CB8-B477-C00E54604C7D}.Debug|Any CPU.Build.0 = Debug|Any CPU
		{679FDACF-788A-4CB8-B477-C00E54604C7D}.Release|Any CPU.ActiveCfg = Release|Any CPU
		{679FDACF-788A-4CB8-B477-C00E54604C7D}.Release|Any CPU.Build.0 = Release|Any CPU
	EndGlobalSection
	GlobalSection(SolutionProperties) = preSolution
		HideSolutionNode = FALSE
	EndGlobalSection
	GlobalSection(ExtensibilityGlobals) = postSolution
		SolutionGuid = {FBEBE993-1D3A-4F89-BBC3-1CB0C35370BF}
	EndGlobalSection
EndGlobal
